
Microsoft Visual Studio Solution File, Format Version 12.00
# Visual Studio Version 17
VisualStudioVersion = 17.10.35122.118
MinimumVisualStudioVersion = 10.0.40219.1
Project("{9A19103F-16F7-4668-BE54-9A1E7A4F7556}") = "API", "API.csproj", "{63E87916-E7D1-4A6D-A6F6-EC52DA18D5EE}"
EndProject
Global
	GlobalSection(SolutionConfigurationPlatforms) = preSolution
		Debug|Any CPU = Debug|Any CPU
		Release|Any CPU = Release|Any CPU
	EndGlobalSection
	GlobalSection(ProjectConfigurationPlatforms) = postSolution
		{63E87916-E7D1-4A6D-A6F6-EC52DA18D5EE}.Debug|Any CPU.ActiveCfg = Debug|Any CPU
		{63E87916-E7D1-4A6D-A6F6-EC52DA18D5EE}.Debug|Any CPU.Build.0 = Debug|Any CPU
		{63E87916-E7D1-4A6D-A6F6-EC52DA18D5EE}.Release|Any CPU.ActiveCfg = Release|Any CPU
		{63E87916-E7D1-4A6D-A6F6-EC52DA18D5EE}.Release|Any CPU.Build.0 = Release|Any CPU
	EndGlobalSection
	GlobalSection(SolutionProperties) = preSolution
		HideSolutionNode = FALSE
	EndGlobalSection
	GlobalSection(ExtensibilityGlobals) = postSolution
		SolutionGuid = {7765A0F1-4F51-4805-A3B1-B6B9B9A96E74}
	EndGlobalSection
EndGlobal
